
Microsoft Visual Studio Solution File, Format Version 11.00
# Visual Studio 2010
Project("{FAE04EC0-301F-11D3-BF4B-00C04F79EFBC}") = "BattlestarGalacticaFighters", "BattlestarGalacticaFighters\BattlestarGalacticaFighters\BattlestarGalacticaFighters.csproj", "{67BC76C0-880B-4D89-8F5B-C1442DC4ABEB}"
EndProject
Project("{FAE04EC0-301F-11D3-BF4B-00C04F79EFBC}") = "BattlestarGalacticaFightersContent", "BattlestarGalacticaFighters\BattlestarGalacticaFightersContent\BattlestarGalacticaFightersContent.contentproj", "{3868B0FC-7047-4254-9DF0-4EF5CAD56552}"
EndProject
Project("{F2A71F9B-5D33-465A-A702-920D77279786}") = "Logic", "Logic\Logic.fsproj", "{A2EB9102-F887-44C9-ABF8-A4163AD341DC}"
EndProject
Project("{FAE04EC0-301F-11D3-BF4B-00C04F79EFBC}") = "Shared", "Shared\Shared.csproj", "{4D24C6A5-299F-49C2-97EE-D6EED62C3A3A}"
EndProject
Global
	GlobalSection(TeamFoundationVersionControl) = preSolution
		SccNumberOfProjects = 5
		SccEnterpriseProvider = {4CA58AB2-18FA-4F8D-95D4-32DDF27D184C}
		SccTeamFoundationServer = https://tfs.codeplex.com/tfs/tfs37
		SccLocalPath0 = .
		SccProjectUniqueName1 = BattlestarGalacticaFighters\\BattlestarGalacticaFighters\\BattlestarGalacticaFighters.csproj
		SccProjectName1 = BattlestarGalacticaFighters/BattlestarGalacticaFighters
		SccLocalPath1 = BattlestarGalacticaFighters\\BattlestarGalacticaFighters
		SccProjectUniqueName2 = BattlestarGalacticaFighters\\BattlestarGalacticaFightersContent\\BattlestarGalacticaFightersContent.contentproj
		SccProjectName2 = BattlestarGalacticaFighters/BattlestarGalacticaFightersContent
		SccLocalPath2 = BattlestarGalacticaFighters\\BattlestarGalacticaFightersContent
		SccProjectUniqueName3 = Logic\\Logic.fsproj
		SccProjectName3 = Logic
		SccLocalPath3 = Logic
		SccProjectUniqueName4 = Shared\\Shared.csproj
		SccProjectName4 = Shared
		SccLocalPath4 = Shared
	EndGlobalSection
	GlobalSection(SolutionConfigurationPlatforms) = preSolution
		Debug|Any CPU = Debug|Any CPU
		Debug|Mixed Platforms = Debug|Mixed Platforms
		Debug|x86 = Debug|x86
		Release|Any CPU = Release|Any CPU
		Release|Mixed Platforms = Release|Mixed Platforms
		Release|x86 = Release|x86
	EndGlobalSection
	GlobalSection(ProjectConfigurationPlatforms) = postSolution
		{67BC76C0-880B-4D89-8F5B-C1442DC4ABEB}.Debug|Any CPU.ActiveCfg = Debug|x86
		{67BC76C0-880B-4D89-8F5B-C1442DC4ABEB}.Debug|Mixed Platforms.ActiveCfg = Debug|x86
		{67BC76C0-880B-4D89-8F5B-C1442DC4ABEB}.Debug|Mixed Platforms.Build.0 = Debug|x86
		{67BC76C0-880B-4D89-8F5B-C1442DC4ABEB}.Debug|x86.ActiveCfg = Debug|x86
		{67BC76C0-880B-4D89-8F5B-C1442DC4ABEB}.Debug|x86.Build.0 = Debug|x86
		{67BC76C0-880B-4D89-8F5B-C1442DC4ABEB}.Release|Any CPU.ActiveCfg = Release|x86
		{67BC76C0-880B-4D89-8F5B-C1442DC4ABEB}.Release|Mixed Platforms.ActiveCfg = Release|x86
		{67BC76C0-880B-4D89-8F5B-C1442DC4ABEB}.Release|Mixed Platforms.Build.0 = Release|x86
		{67BC76C0-880B-4D89-8F5B-C1442DC4ABEB}.Release|x86.ActiveCfg = Release|x86
		{67BC76C0-880B-4D89-8F5B-C1442DC4ABEB}.Release|x86.Build.0 = Release|x86
		{3868B0FC-7047-4254-9DF0-4EF5CAD56552}.Debug|Any CPU.ActiveCfg = Debug|x86
		{3868B0FC-7047-4254-9DF0-4EF5CAD56552}.Debug|Mixed Platforms.ActiveCfg = Debug|x86
		{3868B0FC-7047-4254-9DF0-4EF5CAD56552}.Debug|x86.ActiveCfg = Debug|x86
		{3868B0FC-7047-4254-9DF0-4EF5CAD56552}.Release|Any CPU.ActiveCfg = Release|x86
		{3868B0FC-7047-4254-9DF0-4EF5CAD56552}.Release|Mixed Platforms.ActiveCfg = Release|x86
		{3868B0FC-7047-4254-9DF0-4EF5CAD56552}.Release|x86.ActiveCfg = Release|x86
		{A2EB9102-F887-44C9-ABF8-A4163AD341DC}.Debug|Any CPU.ActiveCfg = Debug|Any CPU
		{A2EB9102-F887-44C9-ABF8-A4163AD341DC}.Debug|Any CPU.Build.0 = Debug|Any CPU
		{A2EB9102-F887-44C9-ABF8-A4163AD341DC}.Debug|Mixed Platforms.ActiveCfg = Debug|Any CPU
		{A2EB9102-F887-44C9-ABF8-A4163AD341DC}.Debug|Mixed Platforms.Build.0 = Debug|Any CPU
		{A2EB9102-F887-44C9-ABF8-A4163AD341DC}.Debug|x86.ActiveCfg = Debug|Any CPU
		{A2EB9102-F887-44C9-ABF8-A4163AD341DC}.Release|Any CPU.ActiveCfg = Release|Any CPU
		{A2EB9102-F887-44C9-ABF8-A4163AD341DC}.Release|Any CPU.Build.0 = Release|Any CPU
		{A2EB9102-F887-44C9-ABF8-A4163AD341DC}.Release|Mixed Platforms.ActiveCfg = Release|Any CPU
		{A2EB9102-F887-44C9-ABF8-A4163AD341DC}.Release|Mixed Platforms.Build.0 = Release|Any CPU
		{A2EB9102-F887-44C9-ABF8-A4163AD341DC}.Release|x86.ActiveCfg = Release|Any CPU
		{4D24C6A5-299F-49C2-97EE-D6EED62C3A3A}.Debug|Any CPU.ActiveCfg = Debug|x86
		{4D24C6A5-299F-49C2-97EE-D6EED62C3A3A}.Debug|Mixed Platforms.ActiveCfg = Debug|x86
		{4D24C6A5-299F-49C2-97EE-D6EED62C3A3A}.Debug|Mixed Platforms.Build.0 = Debug|x86
		{4D24C6A5-299F-49C2-97EE-D6EED62C3A3A}.Debug|x86.ActiveCfg = Debug|x86
		{4D24C6A5-299F-49C2-97EE-D6EED62C3A3A}.Debug|x86.Build.0 = Debug|x86
		{4D24C6A5-299F-49C2-97EE-D6EED62C3A3A}.Release|Any CPU.ActiveCfg = Release|x86
		{4D24C6A5-299F-49C2-97EE-D6EED62C3A3A}.Release|Mixed Platforms.ActiveCfg = Release|x86
		{4D24C6A5-299F-49C2-97EE-D6EED62C3A3A}.Release|Mixed Platforms.Build.0 = Release|x86
		{4D24C6A5-299F-49C2-97EE-D6EED62C3A3A}.Release|x86.ActiveCfg = Release|x86
		{4D24C6A5-299F-49C2-97EE-D6EED62C3A3A}.Release|x86.Build.0 = Release|x86
	EndGlobalSection
	GlobalSection(SolutionProperties) = preSolution
		HideSolutionNode = FALSE
	EndGlobalSection
EndGlobal
